
Microsoft Visual Studio Solution File, Format Version 12.00
# Visual Studio Version 17
VisualStudioVersion = 17.12.35527.113
MinimumVisualStudioVersion = 10.0.40219.1
Project("{FAE04EC0-301F-11D3-BF4B-00C04F79EFBC}") = "DbIntegrationTestsDemo", "DbIntegrationTestsDemo\DbIntegrationTestsDemo.csproj", "{7378D9CB-E933-4254-87D1-A8E5243A38AD}"
EndProject
Project("{2150E333-8FDC-42A3-9474-1A3956D46DE8}") = "Prepare", "Prepare", "{FDAF2BB8-77A3-4F72-97F2-DF12E0DAAE2B}"
	ProjectSection(SolutionItems) = preProject
		Prepare\apply_sql_changes = Prepare\apply_sql_changes
		Prepare\Dockerfile = Prepare\Dockerfile
		Prepare\prepare_integration_tests_image.sh = Prepare\prepare_integration_tests_image.sh
		Prepare\prepare_sql_image.sh = Prepare\prepare_sql_image.sh
		Prepare\prepare_webapp_showcase_image.sh = Prepare\prepare_webapp_showcase_image.sh
	EndProjectSection
EndProject
Project("{E53339B2-1760-4266-BCC7-CA923CBCF16C}") = "docker-compose", "docker-compose.dcproj", "{2ECEDAC2-3CA7-49DB-A3E9-5F237CE0A56A}"
EndProject
Project("{2150E333-8FDC-42A3-9474-1A3956D46DE8}") = "Description", "Description", "{F10C62F5-1EB3-4E9A-B3E5-36E0299901C3}"
	ProjectSection(SolutionItems) = preProject
		README.md = README.md
	EndProjectSection
EndProject
Project("{2150E333-8FDC-42A3-9474-1A3956D46DE8}") = "CICD", "CICD", "{B40E462A-50BE-404B-AF93-8E21D5094F46}"
	ProjectSection(SolutionItems) = preProject
		.github\workflows\docker-image.yml = .github\workflows\docker-image.yml
	EndProjectSection
EndProject
Project("{FAE04EC0-301F-11D3-BF4B-00C04F79EFBC}") = "WebAppShowcase", "WebAppShowcase\WebAppShowcase.csproj", "{38EFEA19-3A55-49DF-A2E5-5BACB720D855}"
EndProject
Project("{FAE04EC0-301F-11D3-BF4B-00C04F79EFBC}") = "ProjectReference", "ProjectReference\ProjectReference.csproj", "{33185A1C-04AA-47C5-9321-159D29FC9D35}"
EndProject
Project("{FAE04EC0-301F-11D3-BF4B-00C04F79EFBC}") = "WebAppLegacyShowcase", "WebAppLegacyShowcase\WebAppLegacyShowcase.csproj", "{873707A7-6585-4B45-90BE-D66038E62C81}"
EndProject
Project("{2150E333-8FDC-42A3-9474-1A3956D46DE8}") = "PrepareForWindows", "PrepareForWindows", "{78FBF9C4-B3F3-478F-9278-BD5DC425C67C}"
	ProjectSection(SolutionItems) = preProject
		PrepareForWindows\build_mssql-server-windows.ps1 = PrepareForWindows\build_mssql-server-windows.ps1
	EndProjectSection
EndProject
Project("{2150E333-8FDC-42A3-9474-1A3956D46DE8}") = "mssql-server-windows", "mssql-server-windows", "{1D95247D-D780-459A-BCC9-F30007B56AAB}"
	ProjectSection(SolutionItems) = preProject
		PrepareForWindows\mssql-server-windows\Dockerfile = PrepareForWindows\mssql-server-windows\Dockerfile
		PrepareForWindows\mssql-server-windows\prepare_sql_for_windows.ps1 = PrepareForWindows\mssql-server-windows\prepare_sql_for_windows.ps1
		PrepareForWindows\mssql-server-windows\start.ps1 = PrepareForWindows\mssql-server-windows\start.ps1
	EndProjectSection
EndProject
Project("{FAE04EC0-301F-11D3-BF4B-00C04F79EFBC}") = "ProjectReferenceLegacy", "ProjectReferenceLegacy\ProjectReferenceLegacy.csproj", "{3A91B9CC-84DE-4667-BE2C-758B99CDE2D7}"
EndProject
Project("{2150E333-8FDC-42A3-9474-1A3956D46DE8}") = "Legacy flow", "Legacy flow", "{03BE8912-1D9D-43C1-A74B-303A29F0AAF4}"
EndProject
Global
	GlobalSection(SolutionConfigurationPlatforms) = preSolution
		Debug|Any CPU = Debug|Any CPU
		Release|Any CPU = Release|Any CPU
	EndGlobalSection
	GlobalSection(ProjectConfigurationPlatforms) = postSolution
		{7378D9CB-E933-4254-87D1-A8E5243A38AD}.Debug|Any CPU.ActiveCfg = Debug|Any CPU
		{7378D9CB-E933-4254-87D1-A8E5243A38AD}.Debug|Any CPU.Build.0 = Debug|Any CPU
		{7378D9CB-E933-4254-87D1-A8E5243A38AD}.Release|Any CPU.ActiveCfg = Release|Any CPU
		{7378D9CB-E933-4254-87D1-A8E5243A38AD}.Release|Any CPU.Build.0 = Release|Any CPU
		{2ECEDAC2-3CA7-49DB-A3E9-5F237CE0A56A}.Debug|Any CPU.ActiveCfg = Debug|Any CPU
		{2ECEDAC2-3CA7-49DB-A3E9-5F237CE0A56A}.Debug|Any CPU.Build.0 = Debug|Any CPU
		{2ECEDAC2-3CA7-49DB-A3E9-5F237CE0A56A}.Release|Any CPU.ActiveCfg = Release|Any CPU
		{2ECEDAC2-3CA7-49DB-A3E9-5F237CE0A56A}.Release|Any CPU.Build.0 = Release|Any CPU
		{38EFEA19-3A55-49DF-A2E5-5BACB720D855}.Debug|Any CPU.ActiveCfg = Debug|Any CPU
		{38EFEA19-3A55-49DF-A2E5-5BACB720D855}.Debug|Any CPU.Build.0 = Debug|Any CPU
		{38EFEA19-3A55-49DF-A2E5-5BACB720D855}.Release|Any CPU.ActiveCfg = Release|Any CPU
		{38EFEA19-3A55-49DF-A2E5-5BACB720D855}.Release|Any CPU.Build.0 = Release|Any CPU
		{33185A1C-04AA-47C5-9321-159D29FC9D35}.Debug|Any CPU.ActiveCfg = Debug|Any CPU
		{33185A1C-04AA-47C5-9321-159D29FC9D35}.Debug|Any CPU.Build.0 = Debug|Any CPU
		{33185A1C-04AA-47C5-9321-159D29FC9D35}.Release|Any CPU.ActiveCfg = Release|Any CPU
		{33185A1C-04AA-47C5-9321-159D29FC9D35}.Release|Any CPU.Build.0 = Release|Any CPU
		{873707A7-6585-4B45-90BE-D66038E62C81}.Debug|Any CPU.ActiveCfg = Debug|Any CPU
		{873707A7-6585-4B45-90BE-D66038E62C81}.Debug|Any CPU.Build.0 = Debug|Any CPU
		{873707A7-6585-4B45-90BE-D66038E62C81}.Release|Any CPU.ActiveCfg = Release|Any CPU
		{873707A7-6585-4B45-90BE-D66038E62C81}.Release|Any CPU.Build.0 = Release|Any CPU
		{3A91B9CC-84DE-4667-BE2C-758B99CDE2D7}.Debug|Any CPU.ActiveCfg = Debug|Any CPU
		{3A91B9CC-84DE-4667-BE2C-758B99CDE2D7}.Debug|Any CPU.Build.0 = Debug|Any CPU
		{3A91B9CC-84DE-4667-BE2C-758B99CDE2D7}.Release|Any CPU.ActiveCfg = Release|Any CPU
		{3A91B9CC-84DE-4667-BE2C-758B99CDE2D7}.Release|Any CPU.Build.0 = Release|Any CPU
	EndGlobalSection
	GlobalSection(SolutionProperties) = preSolution
		HideSolutionNode = FALSE
	EndGlobalSection
	GlobalSection(NestedProjects) = preSolution
		{873707A7-6585-4B45-90BE-D66038E62C81} = {03BE8912-1D9D-43C1-A74B-303A29F0AAF4}
		{1D95247D-D780-459A-BCC9-F30007B56AAB} = {78FBF9C4-B3F3-478F-9278-BD5DC425C67C}
		{3A91B9CC-84DE-4667-BE2C-758B99CDE2D7} = {03BE8912-1D9D-43C1-A74B-303A29F0AAF4}
	EndGlobalSection
EndGlobal
